
Microsoft Visual Studio Solution File, Format Version 12.00
# Visual Studio Version 16
VisualStudioVersion = 16.0.30717.126
MinimumVisualStudioVersion = 10.0.40219.1
Project("{FAE04EC0-301F-11D3-BF4B-00C04F79EFBC}") = "hello.world.load.balancer", "hello.world.load.balancer.csproj", "{37AA7BC1-F3E4-4B7A-B9B1-3605BCC4BB9D}"
EndProject
Global
	GlobalSection(SolutionConfigurationPlatforms) = preSolution
		Debug|Any CPU = Debug|Any CPU
		Release|Any CPU = Release|Any CPU
	EndGlobalSection
	GlobalSection(ProjectConfigurationPlatforms) = postSolution
		{37AA7BC1-F3E4-4B7A-B9B1-3605BCC4BB9D}.Debug|Any CPU.ActiveCfg = Debug|Any CPU
		{37AA7BC1-F3E4-4B7A-B9B1-3605BCC4BB9D}.Debug|Any CPU.Build.0 = Debug|Any CPU
		{37AA7BC1-F3E4-4B7A-B9B1-3605BCC4BB9D}.Release|Any CPU.ActiveCfg = Release|Any CPU
		{37AA7BC1-F3E4-4B7A-B9B1-3605BCC4BB9D}.Release|Any CPU.Build.0 = Release|Any CPU
	EndGlobalSection
	GlobalSection(SolutionProperties) = preSolution
		HideSolutionNode = FALSE
	EndGlobalSection
	GlobalSection(ExtensibilityGlobals) = postSolution
		SolutionGuid = {D568B63F-683A-46B1-9675-EF37B3A38738}
	EndGlobalSection
EndGlobal
